# This file is autogenerated, do not edit; changes may be undone by the next 'dep ensure'.


[[projects]]
  branch = "master"
  name = "github.com/agl/ed25519"
  packages = [".","edwards25519"]
  revision = "5312a61534124124185d41f09206b9fef1d88403"

[[projects]]
  branch = "master"
  name = "github.com/benbjohnson/clock"
  packages = ["."]
  revision = "7dc76406b6d3c05b5f71a86293cbcf3c4ea03b19"

[[projects]]
  branch = "master"
  name = "github.com/brutella/dnssd"
  packages = [".","log"]
  revision = "ca9b207d0b6f17791e3286aea7b64fe5d788ba22"

[[projects]]
  branch = "master"
  name = "github.com/brutella/hc"
  packages = [".","accessory","characteristic","crypto","crypto/chacha20poly1305","crypto/curve25519","crypto/hkdf","db","event","hap","hap/controller","hap/data","hap/endpoint","hap/http","hap/pair","log","service","util"]
  revision = "c018a6702e5532509e9bcdd32394ba4a154cc0da"

[[projects]]
  branch = "master"
  name = "github.com/gosexy/to"
  packages = ["."]
  revision = "c20e083e31230b84ffa23c5d2fb0bc55f5292681"

[[projects]]
  branch = "master"
  name = "github.com/lunixbochs/struc"
  packages = ["."]
  revision = "ef56447db6a068ad9e52bc54a1aff5fb9e1ed2dd"

[[projects]]
  branch = "master"
  name = "github.com/miekg/dns"
  packages = [".","internal/socket"]
  revision = "822ae18e7187e1bbde923a37081f6c1b8e9ba68a"

[[projects]]
  branch = "master"
  name = "github.com/nickw444/miio-go"
  packages = [".","capability","common","device","device/product","protocol","protocol/packet","protocol/transport","subscription","subscription/common","subscription/subscription","subscription/target"]
  revision = "e279e00b802dcfda5b0826f16218c42629982966"

[[projects]]
  name = "github.com/satori/go.uuid"
  packages = ["."]
  revision = "879c5887cd475cd7864858769793b2ceb0d44feb"
  version = "v1.1.0"

[[projects]]
  name = "github.com/sirupsen/logrus"
  packages = ["."]
  revision = "f006c2ac4710855cf0f916dd6b77acf6b048dc6e"
  version = "v1.0.3"

[[projects]]
  branch = "master"
  name = "github.com/tadglines/go-pkgs"
  packages = ["crypto/srp"]
  revision = "1f86682992f1a784aa7592b2be0ae80f194b2479"

[[projects]]
  branch = "master"
  name = "golang.org/x/crypto"
  packages = ["chacha20poly1305","chacha20poly1305/internal/chacha20","curve25519","hkdf","poly1305","ssh/terminal"]
  revision = "2509b142fb2b797aa7587dad548f113b2c0f20ce"

[[projects]]
  branch = "master"
  name = "golang.org/x/net"
  packages = ["bpf","internal/iana","internal/socket","ipv4","ipv6"]
  revision = "c73622c77280266305273cb545f54516ced95b93"

[[projects]]
  branch = "master"
  name = "golang.org/x/sys"
  packages = ["unix","windows"]
  revision = "b98136db334ff9cb24f28a68e3be3cb6608f7630"

[solve-meta]
  analyzer-name = "dep"
  analyzer-version = 1
  inputs-digest = "56da6fab3b6e9dd87aaccac0844b626849ba9be6b15f0c6bc6f6e65c7a6b387a"
  solver-name = "gps-cdcl"
  solver-version = 1
